schema: '2.0'
stages:
  data_ingestion:
    cmd: python src/data/data_ingestion.py
    deps:
    - path: src/data/data_ingestion.py
      hash: md5
      md5: f6dcb8f14c15b3882ffed39556d02c43
      size: 4221
    outs:
    - path: data/raw
      hash: md5
      md5: b855e2bab4e21078d44844fee5be9da3.dir
      size: 6882906
      nfiles: 2
  data_preprocessing:
    cmd: python src/data/data_preprocessing.py
    deps:
    - path: data/raw/test.csv
      hash: md5
      md5: 295b88d81555e67a857db0337244e118
      size: 1341252
    - path: data/raw/train.csv
      hash: md5
      md5: 70faef66e6135c49f7f02db4a55e9fdd
      size: 5541654
    - path: src/data/data_preprocessing.py
      hash: md5
      md5: ab3471e73b63bb3ea39dde94d8af209f
      size: 3713
    outs:
    - path: data/interim
      hash: md5
      md5: 5527e9d39fb5d2dff00e4c1ea6e043bb.dir
      size: 5095933
      nfiles: 2
  model_building:
    cmd: python src/model/model_building.py
    deps:
    - path: data/interim/train_processed.csv
      hash: md5
      md5: dda0bc512b79e45ffac20114f356bdc1
      size: 4103205
    - path: src/model/model_building.py
      hash: md5
      md5: 9a4cc00245a10b734ccedce855755f8c
      size: 5504
    params:
      params.yaml:
        model_building.learning_rate: 0.098887
        model_building.max_depth: 18
        model_building.max_features: 10000
        model_building.n_estimators: 382
        model_building.ngram_range:
        - 1
        - 3
    outs:
    - path: lgbm_model.pkl
      hash: md5
      md5: 13ac18eba4d59f4d93f0a1c89e1f133c
      size: 4186805
    - path: tfidf_vectorizer.pkl
      hash: md5
      md5: cb9efa6d7116b36017b00a403f6a0d91
      size: 384148
  model_evaluation:
    cmd: python src/model/model_evaluation.py
    deps:
    - path: data/interim/test_processed.csv
      hash: md5
      md5: 2ae52005e2914f3503f126c5517c049d
      size: 992728
    - path: data/interim/train_processed.csv
      hash: md5
      md5: dda0bc512b79e45ffac20114f356bdc1
      size: 4103205
    - path: lgbm_model.pkl
      hash: md5
      md5: 13ac18eba4d59f4d93f0a1c89e1f133c
      size: 4186805
    - path: src/model/model_evaluation.py
      hash: md5
      md5: b0b9820a543b0fc88634b8ddcca12bbf
      size: 7438
    - path: tfidf_vectorizer.pkl
      hash: md5
      md5: cb9efa6d7116b36017b00a403f6a0d91
      size: 384148
    outs:
    - path: experiment_info.json
      hash: md5
      md5: e41f2be6be41edf526a3d1d8be3f7b53
      size: 84
  model_registration:
    cmd: python src/model/register_model.py
    deps:
    - path: experiment_info.json
      hash: md5
      md5: e41f2be6be41edf526a3d1d8be3f7b53
      size: 84
    - path: src/model/register_model.py
      hash: md5
      md5: 3e6c812ca28cdfd8a8f9a038d97b3bb3
      size: 2649
